
Microsoft Visual Studio Solution File, Format Version 12.00
# Visual Studio Version 17
VisualStudioVersion = 17.2.32630.192
MinimumVisualStudioVersion = 10.0.40219.1
Project("{9A19103F-16F7-4668-BE54-9A1E7A4F7556}") = "Library", "Library\Library.csproj", "{78233046-D476-47C9-92CD-60FD233079D0}"
EndProject
Project("{2150E333-8FDC-42A3-9474-1A3956D46DE8}") = "Solution Items", "Solution Items", "{37A23A2D-6298-4490-A2C7-FED735235D18}"
EndProject
Global
	GlobalSection(SolutionConfigurationPlatforms) = preSolution
		Debug|Any CPU = Debug|Any CPU
		Release|Any CPU = Release|Any CPU
	EndGlobalSection
	GlobalSection(ProjectConfigurationPlatforms) = postSolution
		{78233046-D476-47C9-92CD-60FD233079D0}.Debug|Any CPU.ActiveCfg = Debug|Any CPU
		{78233046-D476-47C9-92CD-60FD233079D0}.Debug|Any CPU.Build.0 = Debug|Any CPU
		{78233046-D476-47C9-92CD-60FD233079D0}.Release|Any CPU.ActiveCfg = Release|Any CPU
		{78233046-D476-47C9-92CD-60FD233079D0}.Release|Any CPU.Build.0 = Release|Any CPU
	EndGlobalSection
	GlobalSection(SolutionProperties) = preSolution
		HideSolutionNode = FALSE
	EndGlobalSection
	GlobalSection(ExtensibilityGlobals) = postSolution
		SolutionGuid = {F5E8898F-34AF-4CB0-9B28-6BAEDBFD9F80}
	EndGlobalSection
EndGlobal
